
Microsoft Visual Studio Solution File, Format Version 12.00
# Visual Studio Version 16
VisualStudioVersion = 16.0.29519.87
MinimumVisualStudioVersion = 10.0.40219.1
Project("{9A19103F-16F7-4668-BE54-9A1E7A4F7556}") = "MinimalRune.Mathematics", "MinimalRune.Mathematics\MinimalRune.Mathematics.csproj", "{6420E1C9-9A2C-4671-B9C4-F794183303EC}"
EndProject
Project("{FAE04EC0-301F-11D3-BF4B-00C04F79EFBC}") = "MinimalRune.Geometry", "MinimalRune.Geometry\MinimalRune.Geometry.csproj", "{2FDEE155-7B67-4137-AED5-FA730E32FEED}"
EndProject
Project("{FAE04EC0-301F-11D3-BF4B-00C04F79EFBC}") = "MinimalRune.Graphics", "MinimalRune.Graphics\MinimalRune.Graphics.csproj", "{782AD896-490F-409F-A65D-BBC7991363D6}"
EndProject
Global
	GlobalSection(SolutionConfigurationPlatforms) = preSolution
		Debug|Any CPU = Debug|Any CPU
		Release|Any CPU = Release|Any CPU
	EndGlobalSection
	GlobalSection(ProjectConfigurationPlatforms) = postSolution
		{6420E1C9-9A2C-4671-B9C4-F794183303EC}.Debug|Any CPU.ActiveCfg = Debug|Any CPU
		{6420E1C9-9A2C-4671-B9C4-F794183303EC}.Debug|Any CPU.Build.0 = Debug|Any CPU
		{6420E1C9-9A2C-4671-B9C4-F794183303EC}.Release|Any CPU.ActiveCfg = Release|Any CPU
		{6420E1C9-9A2C-4671-B9C4-F794183303EC}.Release|Any CPU.Build.0 = Release|Any CPU
		{2FDEE155-7B67-4137-AED5-FA730E32FEED}.Debug|Any CPU.ActiveCfg = Debug|Any CPU
		{2FDEE155-7B67-4137-AED5-FA730E32FEED}.Debug|Any CPU.Build.0 = Debug|Any CPU
		{2FDEE155-7B67-4137-AED5-FA730E32FEED}.Release|Any CPU.ActiveCfg = Release|Any CPU
		{2FDEE155-7B67-4137-AED5-FA730E32FEED}.Release|Any CPU.Build.0 = Release|Any CPU
		{782AD896-490F-409F-A65D-BBC7991363D6}.Debug|Any CPU.ActiveCfg = Debug|Any CPU
		{782AD896-490F-409F-A65D-BBC7991363D6}.Debug|Any CPU.Build.0 = Debug|Any CPU
		{782AD896-490F-409F-A65D-BBC7991363D6}.Release|Any CPU.ActiveCfg = Release|Any CPU
		{782AD896-490F-409F-A65D-BBC7991363D6}.Release|Any CPU.Build.0 = Release|Any CPU
	EndGlobalSection
	GlobalSection(SolutionProperties) = preSolution
		HideSolutionNode = FALSE
	EndGlobalSection
	GlobalSection(ExtensibilityGlobals) = postSolution
		SolutionGuid = {11CEA224-5783-4CBC-A411-649920E2CD5F}
	EndGlobalSection
EndGlobal
